{
    "version": 4,
    "terraform_version": "1.1.5",
    "serial": 39,
    "lineage": "73b4cf04-3cfb-ddbf-1321-ca36581b065c",
    "outputs": {
      "ips": {
        "value": "",
        "type": "string"
      }
    },
    "resources": [
      {
        "mode": "managed",
        "type": "aws_dynamodb_table",
        "name": "databasebonitao",
        "provider": "provider[\"registry.terraform.io/hashicorp/aws\"].us-east-2",
        "instances": [
          {
            "schema_version": 1,
            "attributes": {
              "arn": "arn:aws:dynamodb:us-east-2:108493865159:table/databasebonitao",
              "attribute": [
                {
                  "name": "GameTitle",
                  "type": "S"
                },
                {
                  "name": "UserId",
                  "type": "S"
                }
              ],
              "billing_mode": "PROVISIONED",
              "global_secondary_index": [],
              "hash_key": "UserId",
              "id": "databasebonitao",
              "local_secondary_index": [],
              "name": "databasebonitao",
              "point_in_time_recovery": [
                {
                  "enabled": false
                }
              ],
              "range_key": "GameTitle",
              "read_capacity": 20,
              "replica": [],
              "restore_date_time": null,
              "restore_source_name": null,
              "restore_to_latest_time": null,
              "server_side_encryption": [],
              "stream_arn": "",
              "stream_enabled": false,
              "stream_label": "",
              "stream_view_type": "",
              "table_class": "",
              "tags": {
                "Environment": "production",
                "Name": "database topster"
              },
              "tags_all": {
                "Environment": "production",
                "Name": "database topster"
              },
              "timeouts": null,
              "ttl": [
                {
                  "attribute_name": "",
                  "enabled": false
                }
              ],
              "write_capacity": 20
            },
            "sensitive_attributes": [],
            "private": "eyJlMmJmYjczMC1lY2FhLTExZTYtOGY4OC0zNDM2M2JjN2M0YzAiOnsiY3JlYXRlIjoxODAwMDAwMDAwMDAwLCJkZWxldGUiOjYwMDAwMDAwMDAwMCwidXBkYXRlIjozNjAwMDAwMDAwMDAwfSwic2NoZW1hX3ZlcnNpb24iOiIxIn0="
          }
        ]
      },
      {
        "mode": "managed",
        "type": "aws_instance",
        "name": "instancia_teste",
        "provider": "provider[\"registry.terraform.io/hashicorp/aws\"]",
        "instances": [
          {
            "index_key": 0,
            "schema_version": 1,
            "attributes": {
              "ami": "ami-04505e74c0741db8d",
              "arn": "arn:aws:ec2:us-east-1:108493865159:instance/i-034a838c3fb2437c3",
              "associate_public_ip_address": false,
              "availability_zone": "us-east-1c",
              "capacity_reservation_specification": [
                {
                  "capacity_reservation_preference": "open",
                  "capacity_reservation_target": []
                }
              ],
              "cpu_core_count": 1,
              "cpu_threads_per_core": 1,
              "credit_specification": [
                {
                  "cpu_credits": "standard"
                }
              ],
              "disable_api_termination": false,
              "ebs_block_device": [],
              "ebs_optimized": false,
              "enclave_options": [
                {
                  "enabled": false
                }
              ],
              "ephemeral_block_device": [],
              "get_password_data": false,
              "hibernation": false,
              "host_id": null,
              "iam_instance_profile": "",
              "id": "i-034a838c3fb2437c3",
              "instance_initiated_shutdown_behavior": "stop",
              "instance_state": "stopped",
              "instance_type": "t2.micro",
              "ipv6_address_count": 0,
              "ipv6_addresses": [],
              "key_name": "terraform-aws",
              "launch_template": [],
              "metadata_options": [
                {
                  "http_endpoint": "enabled",
                  "http_put_response_hop_limit": 1,
                  "http_tokens": "optional",
                  "instance_metadata_tags": "disabled"
                }
              ],
              "monitoring": false,
              "network_interface": [],
              "outpost_arn": "",
              "password_data": "",
              "placement_group": "",
              "placement_partition_number": null,
              "primary_network_interface_id": "eni-0ad70748da87f0da5",
              "private_dns": "ip-172-31-20-124.ec2.internal",
              "private_ip": "172.31.20.124",
              "public_dns": "",
              "public_ip": "",
              "root_block_device": [
                {
                  "delete_on_termination": true,
                  "device_name": "/dev/sda1",
                  "encrypted": false,
                  "iops": 100,
                  "kms_key_id": "",
                  "tags": {},
                  "throughput": 0,
                  "volume_id": "vol-0ed5b2c1926e31832",
                  "volume_size": 8,
                  "volume_type": "gp2"
                }
              ],
              "secondary_private_ips": [],
              "security_groups": [
                "liberar_ssh"
              ],
              "source_dest_check": true,
              "subnet_id": "subnet-064281bf9a1da1980",
              "tags": {
                "Name": "instancia_teste0"
              },
              "tags_all": {
                "Name": "instancia_teste0"
              },
              "tenancy": "default",
              "timeouts": null,
              "user_data": null,
              "user_data_base64": null,
              "volume_tags": null,
              "vpc_security_group_ids": [
                "sg-0bf10e06d36772ef0"
              ]
            },
            "sensitive_attributes": [],
            "private": "eyJlMmJmYjczMC1lY2FhLTExZTYtOGY4OC0zNDM2M2JjN2M0YzAiOnsiY3JlYXRlIjo2MDAwMDAwMDAwMDAsImRlbGV0ZSI6MTIwMDAwMDAwMDAwMCwidXBkYXRlIjo2MDAwMDAwMDAwMDB9LCJzY2hlbWFfdmVyc2lvbiI6IjEifQ==",
            "dependencies": [
              "aws_security_group.liberar_ssh"
            ]
          },
          {
            "index_key": 1,
            "schema_version": 1,
            "attributes": {
              "ami": "ami-04505e74c0741db8d",
              "arn": "arn:aws:ec2:us-east-1:108493865159:instance/i-0432326b7feaedd74",
              "associate_public_ip_address": false,
              "availability_zone": "us-east-1c",
              "capacity_reservation_specification": [
                {
                  "capacity_reservation_preference": "open",
                  "capacity_reservation_target": []
                }
              ],
              "cpu_core_count": 1,
              "cpu_threads_per_core": 1,
              "credit_specification": [
                {
                  "cpu_credits": "standard"
                }
              ],
              "disable_api_termination": false,
              "ebs_block_device": [],
              "ebs_optimized": false,
              "enclave_options": [
                {
                  "enabled": false
                }
              ],
              "ephemeral_block_device": [],
              "get_password_data": false,
              "hibernation": false,
              "host_id": null,
              "iam_instance_profile": "",
              "id": "i-0432326b7feaedd74",
              "instance_initiated_shutdown_behavior": "stop",
              "instance_state": "stopped",
              "instance_type": "t2.micro",
              "ipv6_address_count": 0,
              "ipv6_addresses": [],
              "key_name": "terraform-aws",
              "launch_template": [],
              "metadata_options": [
                {
                  "http_endpoint": "enabled",
                  "http_put_response_hop_limit": 1,
                  "http_tokens": "optional",
                  "instance_metadata_tags": "disabled"
                }
              ],
              "monitoring": false,
              "network_interface": [],
              "outpost_arn": "",
              "password_data": "",
              "placement_group": "",
              "placement_partition_number": null,
              "primary_network_interface_id": "eni-0829cde0909b7c666",
              "private_dns": "ip-172-31-22-126.ec2.internal",
              "private_ip": "172.31.22.126",
              "public_dns": "",
              "public_ip": "",
              "root_block_device": [
                {
                  "delete_on_termination": true,
                  "device_name": "/dev/sda1",
                  "encrypted": false,
                  "iops": 100,
                  "kms_key_id": "",
                  "tags": {},
                  "throughput": 0,
                  "volume_id": "vol-0db5379878ee90932",
                  "volume_size": 8,
                  "volume_type": "gp2"
                }
              ],
              "secondary_private_ips": [],
              "security_groups": [
                "liberar_ssh"
              ],
              "source_dest_check": true,
              "subnet_id": "subnet-064281bf9a1da1980",
              "tags": {
                "Name": "instancia_teste1"
              },
              "tags_all": {
                "Name": "instancia_teste1"
              },
              "tenancy": "default",
              "timeouts": null,
              "user_data": null,
              "user_data_base64": null,
              "volume_tags": null,
              "vpc_security_group_ids": [
                "sg-0bf10e06d36772ef0"
              ]
            },
            "sensitive_attributes": [],
            "private": "eyJlMmJmYjczMC1lY2FhLTExZTYtOGY4OC0zNDM2M2JjN2M0YzAiOnsiY3JlYXRlIjo2MDAwMDAwMDAwMDAsImRlbGV0ZSI6MTIwMDAwMDAwMDAwMCwidXBkYXRlIjo2MDAwMDAwMDAwMDB9LCJzY2hlbWFfdmVyc2lvbiI6IjEifQ==",
            "dependencies": [
              "aws_security_group.liberar_ssh"
            ]
          },
          {
            "index_key": 2,
            "schema_version": 1,
            "attributes": {
              "ami": "ami-04505e74c0741db8d",
              "arn": "arn:aws:ec2:us-east-1:108493865159:instance/i-081f4c578b0adf625",
              "associate_public_ip_address": false,
              "availability_zone": "us-east-1c",
              "capacity_reservation_specification": [
                {
                  "capacity_reservation_preference": "open",
                  "capacity_reservation_target": []
                }
              ],
              "cpu_core_count": 1,
              "cpu_threads_per_core": 1,
              "credit_specification": [
                {
                  "cpu_credits": "standard"
                }
              ],
              "disable_api_termination": false,
              "ebs_block_device": [],
              "ebs_optimized": false,
              "enclave_options": [
                {
                  "enabled": false
                }
              ],
              "ephemeral_block_device": [],
              "get_password_data": false,
              "hibernation": false,
              "host_id": null,
              "iam_instance_profile": "",
              "id": "i-081f4c578b0adf625",
              "instance_initiated_shutdown_behavior": "stop",
              "instance_state": "stopped",
              "instance_type": "t2.micro",
              "ipv6_address_count": 0,
              "ipv6_addresses": [],
              "key_name": "terraform-aws",
              "launch_template": [],
              "metadata_options": [
                {
                  "http_endpoint": "enabled",
                  "http_put_response_hop_limit": 1,
                  "http_tokens": "optional",
                  "instance_metadata_tags": "disabled"
                }
              ],
              "monitoring": false,
              "network_interface": [],
              "outpost_arn": "",
              "password_data": "",
              "placement_group": "",
              "placement_partition_number": null,
              "primary_network_interface_id": "eni-0cff6bd579b52f3f1",
              "private_dns": "ip-172-31-29-164.ec2.internal",
              "private_ip": "172.31.29.164",
              "public_dns": "",
              "public_ip": "",
              "root_block_device": [
                {
                  "delete_on_termination": true,
                  "device_name": "/dev/sda1",
                  "encrypted": false,
                  "iops": 100,
                  "kms_key_id": "",
                  "tags": {},
                  "throughput": 0,
                  "volume_id": "vol-0c26bd1b9d4e1e3de",
                  "volume_size": 8,
                  "volume_type": "gp2"
                }
              ],
              "secondary_private_ips": [],
              "security_groups": [
                "liberar_ssh"
              ],
              "source_dest_check": true,
              "subnet_id": "subnet-064281bf9a1da1980",
              "tags": {
                "Name": "instancia_teste2"
              },
              "tags_all": {
                "Name": "instancia_teste2"
              },
              "tenancy": "default",
              "timeouts": null,
              "user_data": null,
              "user_data_base64": null,
              "volume_tags": null,
              "vpc_security_group_ids": [
                "sg-0bf10e06d36772ef0"
              ]
            },
            "sensitive_attributes": [],
            "private": "eyJlMmJmYjczMC1lY2FhLTExZTYtOGY4OC0zNDM2M2JjN2M0YzAiOnsiY3JlYXRlIjo2MDAwMDAwMDAwMDAsImRlbGV0ZSI6MTIwMDAwMDAwMDAwMCwidXBkYXRlIjo2MDAwMDAwMDAwMDB9LCJzY2hlbWFfdmVyc2lvbiI6IjEifQ==",
            "dependencies": [
              "aws_security_group.liberar_ssh"
            ]
          }
        ]
      },
      {
        "mode": "managed",
        "type": "aws_instance",
        "name": "outraregiao",
        "provider": "provider[\"registry.terraform.io/hashicorp/aws\"].us-east-2",
        "instances": [
          {
            "schema_version": 1,
            "attributes": {
              "ami": "ami-0fb653ca2d3203ac1",
              "arn": "arn:aws:ec2:us-east-2:108493865159:instance/i-0d8d80c604deb4d1b",
              "associate_public_ip_address": true,
              "availability_zone": "us-east-2a",
              "capacity_reservation_specification": [
                {
                  "capacity_reservation_preference": "open",
                  "capacity_reservation_target": []
                }
              ],
              "cpu_core_count": 1,
              "cpu_threads_per_core": 1,
              "credit_specification": [
                {
                  "cpu_credits": "standard"
                }
              ],
              "disable_api_termination": false,
              "ebs_block_device": [],
              "ebs_optimized": false,
              "enclave_options": [
                {
                  "enabled": false
                }
              ],
              "ephemeral_block_device": [],
              "get_password_data": false,
              "hibernation": false,
              "host_id": null,
              "iam_instance_profile": "",
              "id": "i-0d8d80c604deb4d1b",
              "instance_initiated_shutdown_behavior": "stop",
              "instance_state": "running",
              "instance_type": "t2.micro",
              "ipv6_address_count": 0,
              "ipv6_addresses": [],
              "key_name": "terraform-aws",
              "launch_template": [],
              "metadata_options": [
                {
                  "http_endpoint": "enabled",
                  "http_put_response_hop_limit": 1,
                  "http_tokens": "optional",
                  "instance_metadata_tags": "disabled"
                }
              ],
              "monitoring": false,
              "network_interface": [],
              "outpost_arn": "",
              "password_data": "",
              "placement_group": "",
              "placement_partition_number": null,
              "primary_network_interface_id": "eni-0a600ebda74eefe77",
              "private_dns": "ip-172-31-0-127.us-east-2.compute.internal",
              "private_ip": "172.31.0.127",
              "public_dns": "ec2-18-224-43-221.us-east-2.compute.amazonaws.com",
              "public_ip": "18.224.43.221",
              "root_block_device": [
                {
                  "delete_on_termination": true,
                  "device_name": "/dev/sda1",
                  "encrypted": false,
                  "iops": 100,
                  "kms_key_id": "",
                  "tags": {},
                  "throughput": 0,
                  "volume_id": "vol-0640377f3b800fbea",
                  "volume_size": 8,
                  "volume_type": "gp2"
                }
              ],
              "secondary_private_ips": [],
              "security_groups": [
                "liberar_ssh_outraregiao"
              ],
              "source_dest_check": true,
              "subnet_id": "subnet-06f078ef56400609b",
              "tags": {
                "Name": "outraregiao"
              },
              "tags_all": {
                "Name": "outraregiao"
              },
              "tenancy": "default",
              "timeouts": null,
              "user_data": null,
              "user_data_base64": null,
              "volume_tags": null,
              "vpc_security_group_ids": [
                "sg-0e462374fbf6638b9"
              ]
            },
            "sensitive_attributes": [],
            "private": "eyJlMmJmYjczMC1lY2FhLTExZTYtOGY4OC0zNDM2M2JjN2M0YzAiOnsiY3JlYXRlIjo2MDAwMDAwMDAwMDAsImRlbGV0ZSI6MTIwMDAwMDAwMDAwMCwidXBkYXRlIjo2MDAwMDAwMDAwMDB9LCJzY2hlbWFfdmVyc2lvbiI6IjEifQ==",
            "dependencies": [
              "aws_dynamodb_table.databasebonitao",
              "aws_security_group.liberar_ssh_outraregiao"
            ]
          }
        ]
      },
      {
        "mode": "managed",
        "type": "aws_instance",
        "name": "outraregiaov2",
        "provider": "provider[\"registry.terraform.io/hashicorp/aws\"].us-east-2",
        "instances": [
          {
            "schema_version": 1,
            "attributes": {
              "ami": "ami-0fb653ca2d3203ac1",
              "arn": "arn:aws:ec2:us-east-2:108493865159:instance/i-0f311f098bcd94f20",
              "associate_public_ip_address": true,
              "availability_zone": "us-east-2a",
              "capacity_reservation_specification": [
                {
                  "capacity_reservation_preference": "open",
                  "capacity_reservation_target": []
                }
              ],
              "cpu_core_count": 1,
              "cpu_threads_per_core": 1,
              "credit_specification": [
                {
                  "cpu_credits": "standard"
                }
              ],
              "disable_api_termination": false,
              "ebs_block_device": [],
              "ebs_optimized": false,
              "enclave_options": [
                {
                  "enabled": false
                }
              ],
              "ephemeral_block_device": [],
              "get_password_data": false,
              "hibernation": false,
              "host_id": null,
              "iam_instance_profile": "",
              "id": "i-0f311f098bcd94f20",
              "instance_initiated_shutdown_behavior": "stop",
              "instance_state": "running",
              "instance_type": "t2.micro",
              "ipv6_address_count": 0,
              "ipv6_addresses": [],
              "key_name": "terraform-aws",
              "launch_template": [],
              "metadata_options": [
                {
                  "http_endpoint": "enabled",
                  "http_put_response_hop_limit": 1,
                  "http_tokens": "optional",
                  "instance_metadata_tags": "disabled"
                }
              ],
              "monitoring": false,
              "network_interface": [],
              "outpost_arn": "",
              "password_data": "",
              "placement_group": "",
              "placement_partition_number": null,
              "primary_network_interface_id": "eni-00b51e25e5fa61cde",
              "private_dns": "ip-172-31-9-138.us-east-2.compute.internal",
              "private_ip": "172.31.9.138",
              "public_dns": "ec2-3-17-157-226.us-east-2.compute.amazonaws.com",
              "public_ip": "3.17.157.226",
              "root_block_device": [
                {
                  "delete_on_termination": true,
                  "device_name": "/dev/sda1",
                  "encrypted": false,
                  "iops": 100,
                  "kms_key_id": "",
                  "tags": {},
                  "throughput": 0,
                  "volume_id": "vol-0dc36088aa5af7cc4",
                  "volume_size": 8,
                  "volume_type": "gp2"
                }
              ],
              "secondary_private_ips": [],
              "security_groups": [
                "liberar_ssh_outraregiao"
              ],
              "source_dest_check": true,
              "subnet_id": "subnet-06f078ef56400609b",
              "tags": {
                "Name": "outraregiaov2"
              },
              "tags_all": {
                "Name": "outraregiaov2"
              },
              "tenancy": "default",
              "timeouts": null,
              "user_data": null,
              "user_data_base64": null,
              "volume_tags": null,
              "vpc_security_group_ids": [
                "sg-0e462374fbf6638b9"
              ]
            },
            "sensitive_attributes": [],
            "private": "eyJlMmJmYjczMC1lY2FhLTExZTYtOGY4OC0zNDM2M2JjN2M0YzAiOnsiY3JlYXRlIjo2MDAwMDAwMDAwMDAsImRlbGV0ZSI6MTIwMDAwMDAwMDAwMCwidXBkYXRlIjo2MDAwMDAwMDAwMDB9LCJzY2hlbWFfdmVyc2lvbiI6IjEifQ==",
            "dependencies": [
              "aws_security_group.liberar_ssh_outraregiao"
            ]
          }
        ]
      },
      {
        "mode": "managed",
        "type": "aws_instance",
        "name": "testezaobonito",
        "provider": "provider[\"registry.terraform.io/hashicorp/aws\"]",
        "instances": [
          {
            "schema_version": 1,
            "attributes": {
              "ami": "ami-04505e74c0741db8d",
              "arn": "arn:aws:ec2:us-east-1:108493865159:instance/i-098b90f6ab4014a97",
              "associate_public_ip_address": false,
              "availability_zone": "us-east-1b",
              "capacity_reservation_specification": [
                {
                  "capacity_reservation_preference": "open",
                  "capacity_reservation_target": []
                }
              ],
              "cpu_core_count": 1,
              "cpu_threads_per_core": 1,
              "credit_specification": [
                {
                  "cpu_credits": "standard"
                }
              ],
              "disable_api_termination": false,
              "ebs_block_device": [],
              "ebs_optimized": false,
              "enclave_options": [
                {
                  "enabled": false
                }
              ],
              "ephemeral_block_device": [],
              "get_password_data": false,
              "hibernation": false,
              "host_id": null,
              "iam_instance_profile": "",
              "id": "i-098b90f6ab4014a97",
              "instance_initiated_shutdown_behavior": "stop",
              "instance_state": "stopped",
              "instance_type": "t2.micro",
              "ipv6_address_count": 0,
              "ipv6_addresses": [],
              "key_name": "terraform-aws",
              "launch_template": [],
              "metadata_options": [
                {
                  "http_endpoint": "enabled",
                  "http_put_response_hop_limit": 1,
                  "http_tokens": "optional",
                  "instance_metadata_tags": "disabled"
                }
              ],
              "monitoring": false,
              "network_interface": [],
              "outpost_arn": "",
              "password_data": "",
              "placement_group": "",
              "placement_partition_number": null,
              "primary_network_interface_id": "eni-0165aba85fb0e214f",
              "private_dns": "ip-172-31-80-218.ec2.internal",
              "private_ip": "172.31.80.218",
              "public_dns": "",
              "public_ip": "",
              "root_block_device": [
                {
                  "delete_on_termination": true,
                  "device_name": "/dev/sda1",
                  "encrypted": false,
                  "iops": 100,
                  "kms_key_id": "",
                  "tags": {},
                  "throughput": 0,
                  "volume_id": "vol-04b9525a44ae00483",
                  "volume_size": 8,
                  "volume_type": "gp2"
                }
              ],
              "secondary_private_ips": [],
              "security_groups": [
                "liberar_ssh"
              ],
              "source_dest_check": true,
              "subnet_id": "subnet-052581b32d0ee5c97",
              "tags": {
                "Name": "testezaobonito"
              },
              "tags_all": {
                "Name": "testezaobonito"
              },
              "tenancy": "default",
              "timeouts": null,
              "user_data": null,
              "user_data_base64": null,
              "volume_tags": null,
              "vpc_security_group_ids": [
                "sg-0bf10e06d36772ef0"
              ]
            },
            "sensitive_attributes": [],
            "private": "eyJlMmJmYjczMC1lY2FhLTExZTYtOGY4OC0zNDM2M2JjN2M0YzAiOnsiY3JlYXRlIjo2MDAwMDAwMDAwMDAsImRlbGV0ZSI6MTIwMDAwMDAwMDAwMCwidXBkYXRlIjo2MDAwMDAwMDAwMDB9LCJzY2hlbWFfdmVyc2lvbiI6IjEifQ==",
            "dependencies": [
              "aws_security_group.liberar_ssh"
            ]
          }
        ]
      },
      {
        "mode": "managed",
        "type": "aws_instance",
        "name": "testezaobonitov2",
        "provider": "provider[\"registry.terraform.io/hashicorp/aws\"]",
        "instances": [
          {
            "schema_version": 1,
            "attributes": {
              "ami": "ami-04505e74c0741db8d",
              "arn": "arn:aws:ec2:us-east-1:108493865159:instance/i-0421028cd1ece8772",
              "associate_public_ip_address": false,
              "availability_zone": "us-east-1b",
              "capacity_reservation_specification": [
                {
                  "capacity_reservation_preference": "open",
                  "capacity_reservation_target": []
                }
              ],
              "cpu_core_count": 1,
              "cpu_threads_per_core": 1,
              "credit_specification": [
                {
                  "cpu_credits": "standard"
                }
              ],
              "disable_api_termination": false,
              "ebs_block_device": [],
              "ebs_optimized": false,
              "enclave_options": [
                {
                  "enabled": false
                }
              ],
              "ephemeral_block_device": [],
              "get_password_data": false,
              "hibernation": false,
              "host_id": null,
              "iam_instance_profile": "",
              "id": "i-0421028cd1ece8772",
              "instance_initiated_shutdown_behavior": "stop",
              "instance_state": "stopped",
              "instance_type": "t2.micro",
              "ipv6_address_count": 0,
              "ipv6_addresses": [],
              "key_name": "terraform-aws",
              "launch_template": [],
              "metadata_options": [
                {
                  "http_endpoint": "enabled",
                  "http_put_response_hop_limit": 1,
                  "http_tokens": "optional",
                  "instance_metadata_tags": "disabled"
                }
              ],
              "monitoring": false,
              "network_interface": [],
              "outpost_arn": "",
              "password_data": "",
              "placement_group": "",
              "placement_partition_number": null,
              "primary_network_interface_id": "eni-0634b7b0f79da8c9e",
              "private_dns": "ip-172-31-90-244.ec2.internal",
              "private_ip": "172.31.90.244",
              "public_dns": "",
              "public_ip": "",
              "root_block_device": [
                {
                  "delete_on_termination": true,
                  "device_name": "/dev/sda1",
                  "encrypted": false,
                  "iops": 100,
                  "kms_key_id": "",
                  "tags": {},
                  "throughput": 0,
                  "volume_id": "vol-048f8f98eca4b7666",
                  "volume_size": 8,
                  "volume_type": "gp2"
                }
              ],
              "secondary_private_ips": [],
              "security_groups": [
                "liberar_ssh"
              ],
              "source_dest_check": true,
              "subnet_id": "subnet-052581b32d0ee5c97",
              "tags": {
                "Name": "testezaobonitov2"
              },
              "tags_all": {
                "Name": "testezaobonitov2"
              },
              "tenancy": "default",
              "timeouts": null,
              "user_data": null,
              "user_data_base64": null,
              "volume_tags": null,
              "vpc_security_group_ids": [
                "sg-0bf10e06d36772ef0"
              ]
            },
            "sensitive_attributes": [],
            "private": "eyJlMmJmYjczMC1lY2FhLTExZTYtOGY4OC0zNDM2M2JjN2M0YzAiOnsiY3JlYXRlIjo2MDAwMDAwMDAwMDAsImRlbGV0ZSI6MTIwMDAwMDAwMDAwMCwidXBkYXRlIjo2MDAwMDAwMDAwMDB9LCJzY2hlbWFfdmVyc2lvbiI6IjEifQ==",
            "dependencies": [
              "aws_s3_bucket.testezaobonitobucketv2",
              "aws_security_group.liberar_ssh"
            ]
          }
        ]
      },
      {
        "mode": "managed",
        "type": "aws_s3_bucket",
        "name": "testezaobonitobucketv2",
        "provider": "provider[\"registry.terraform.io/hashicorp/aws\"]",
        "instances": [
          {
            "schema_version": 0,
            "attributes": {
              "acceleration_status": "",
              "acl": "private",
              "arn": "arn:aws:s3:::balde-testev2",
              "bucket": "balde-testev2",
              "bucket_domain_name": "balde-testev2.s3.amazonaws.com",
              "bucket_prefix": null,
              "bucket_regional_domain_name": "balde-testev2.s3.amazonaws.com",
              "cors_rule": [],
              "force_destroy": false,
              "grant": [],
              "hosted_zone_id": "Z3AQBSTGFYJSTF",
              "id": "balde-testev2",
              "lifecycle_rule": [],
              "logging": [],
              "object_lock_configuration": [],
              "policy": null,
              "region": "us-east-1",
              "replication_configuration": [],
              "request_payer": "BucketOwner",
              "server_side_encryption_configuration": [],
              "tags": {
                "Name": "Baldão testão"
              },
              "tags_all": {
                "Name": "Baldão testão"
              },
              "versioning": [
                {
                  "enabled": false,
                  "mfa_delete": false
                }
              ],
              "website": [],
              "website_domain": null,
              "website_endpoint": null
            },
            "sensitive_attributes": [],
            "private": "bnVsbA=="
          }
        ]
      },
      {
        "mode": "managed",
        "type": "aws_security_group",
        "name": "liberar_ssh",
        "provider": "provider[\"registry.terraform.io/hashicorp/aws\"]",
        "instances": [
          {
            "schema_version": 1,
            "attributes": {
              "arn": "arn:aws:ec2:us-east-1:108493865159:security-group/sg-0bf10e06d36772ef0",
              "description": "Acessar SSH nesse treco",
              "egress": [],
              "id": "sg-0bf10e06d36772ef0",
              "ingress": [
                {
                  "cidr_blocks": [
                    "186.220.198.120/32",
                    "187.220.198.120/32"
                  ],
                  "description": "SSH nos bangs",
                  "from_port": 22,
                  "ipv6_cidr_blocks": [],
                  "prefix_list_ids": [],
                  "protocol": "tcp",
                  "security_groups": [],
                  "self": false,
                  "to_port": 22
                }
              ],
              "name": "liberar_ssh",
              "name_prefix": "",
              "owner_id": "108493865159",
              "revoke_rules_on_delete": false,
              "tags": {
                "Name": "SSH"
              },
              "tags_all": {
                "Name": "SSH"
              },
              "timeouts": null,
              "vpc_id": "vpc-0339b4d6985d6a6c8"
            },
            "sensitive_attributes": [],
            "private": "eyJlMmJmYjczMC1lY2FhLTExZTYtOGY4OC0zNDM2M2JjN2M0YzAiOnsiY3JlYXRlIjo2MDAwMDAwMDAwMDAsImRlbGV0ZSI6OTAwMDAwMDAwMDAwfSwic2NoZW1hX3ZlcnNpb24iOiIxIn0="
          }
        ]
      },
      {
        "mode": "managed",
        "type": "aws_security_group",
        "name": "liberar_ssh_outraregiao",
        "provider": "provider[\"registry.terraform.io/hashicorp/aws\"].us-east-2",
        "instances": [
          {
            "schema_version": 1,
            "attributes": {
              "arn": "arn:aws:ec2:us-east-2:108493865159:security-group/sg-0e462374fbf6638b9",
              "description": "Acessar SSH nesse treco",
              "egress": [],
              "id": "sg-0e462374fbf6638b9",
              "ingress": [
                {
                  "cidr_blocks": [
                    "186.220.198.120/32",
                    "187.220.198.120/32"
                  ],
                  "description": "SSH nos bangs",
                  "from_port": 22,
                  "ipv6_cidr_blocks": [],
                  "prefix_list_ids": [],
                  "protocol": "tcp",
                  "security_groups": [],
                  "self": false,
                  "to_port": 22
                }
              ],
              "name": "liberar_ssh_outraregiao",
              "name_prefix": "",
              "owner_id": "108493865159",
              "revoke_rules_on_delete": false,
              "tags": {
                "Name": "SSH"
              },
              "tags_all": {
                "Name": "SSH"
              },
              "timeouts": null,
              "vpc_id": "vpc-08971e7f58b2821bf"
            },
            "sensitive_attributes": [],
            "private": "eyJlMmJmYjczMC1lY2FhLTExZTYtOGY4OC0zNDM2M2JjN2M0YzAiOnsiY3JlYXRlIjo2MDAwMDAwMDAwMDAsImRlbGV0ZSI6OTAwMDAwMDAwMDAwfSwic2NoZW1hX3ZlcnNpb24iOiIxIn0="
          }
        ]
      }
    ]
  }
  